{
  "version": 1,
  "dependencies": {
    "net8.0": {
      "DalamudPackager": {
        "type": "Direct",
        "requested": "[11.0.0, )",
        "resolved": "11.0.0",
        "contentHash": "bjT7XUlhIJSmsE/O76b7weUX+evvGQctbQB8aKXt94o+oPWxHpCepxAGMs7Thow3AzCyqWs7cOpp9/2wcgRRQA=="
      },
      "Microsoft.NET.ILLink.Tasks": {
        "type": "Direct",
        "requested": "[8.0.8, )",
        "resolved": "8.0.8",
        "contentHash": "P8wR6MUWwYXIjPJuBaZgo5zlI/GWI6QEAo6NyVIbPefa9CCkohYu7dP2rD/mrqnjEqfRHyl+h9VZrDoGpELqYg=="
      },
      "Newtonsoft.Json": {
        "type": "Transitive",
        "resolved": "13.0.3",
        "contentHash": "HrC5BXdl00IP9zeV+0Z848QWPAoCr9P3bDEZguI+gkLcBKAOxix/tLEAAHC+UvDNPv4a2d18lOReHMOagPa+zQ=="
      },
      "System.Reactive": {
        "type": "Transitive",
        "resolved": "4.3.2",
        "contentHash": "WhGkScPWxw2pp7UwRW8M1OvYZ3WUDPC2wJ0aiuaB4KRD3bt4wLkgHgYnOUu87WRhsurvv5LN0E63iWOEza2o8g=="
      },
      "System.Threading.Channels": {
        "type": "Transitive",
        "resolved": "4.7.0",
        "contentHash": "gdOOXBhtt2UpTxYJm1DRmoqNfYg5ypvhzhVt0vxKhzxXFjS81r8yIOSFsJYLRa1Jc14GBAqCnjxJstO3zBN7gg=="
      },
      "Websocket.Client": {
        "type": "Transitive",
        "resolved": "4.4.43",
        "contentHash": "h0sS4zsnXrVkYyMYDaRc0k/oV54uXXBlN/HOHAK5d/RWleLTmWS6bxtt0l3D5Q2rgtfLinkHLdf4sOqdrxZ0NA==",
        "dependencies": {
          "System.Reactive": "4.3.2",
          "System.Threading.Channels": "4.7.0"
        }
      },
      "obs-websocket-dotnet": {
        "type": "Project",
        "dependencies": {
          "Newtonsoft.Json": "[13.0.3, )",
          "Websocket.Client": "[4.4.43, )"
        }
      }
    }
  }
}