{
  "version": 1,
  "dependencies": {
    "net9.0": {
      "DalamudPackager": {
        "type": "Direct",
        "requested": "[12.0.0, )",
        "resolved": "12.0.0",
        "contentHash": "J5TJLV3f16T/E2H2P17ClWjtfEBPpq3yxvqW46eN36JCm6wR+EaoaYkqG9Rm5sHqs3/nK/vKjWWyvEs/jhKoXw=="
      },
      "Microsoft.NET.ILLink.Tasks": {
        "type": "Direct",
        "requested": "[9.0.3, )",
        "resolved": "9.0.3",
        "contentHash": "1rqGTfubVg0qj2PsK6esyq3PIxtYJYrN3LsYUV9RrvH3anmt3fT3ozYdAZZH4U8JU/pt5pPIUk8NBSu26wtekA=="
      },
      "Newtonsoft.Json": {
        "type": "Transitive",
        "resolved": "13.0.3",
        "contentHash": "HrC5BXdl00IP9zeV+0Z848QWPAoCr9P3bDEZguI+gkLcBKAOxix/tLEAAHC+UvDNPv4a2d18lOReHMOagPa+zQ=="
      },
      "System.Reactive": {
        "type": "Transitive",
        "resolved": "4.3.2",
        "contentHash": "WhGkScPWxw2pp7UwRW8M1OvYZ3WUDPC2wJ0aiuaB4KRD3bt4wLkgHgYnOUu87WRhsurvv5LN0E63iWOEza2o8g=="
      },
      "System.Threading.Channels": {
        "type": "Transitive",
        "resolved": "4.7.0",
        "contentHash": "gdOOXBhtt2UpTxYJm1DRmoqNfYg5ypvhzhVt0vxKhzxXFjS81r8yIOSFsJYLRa1Jc14GBAqCnjxJstO3zBN7gg=="
      },
      "Websocket.Client": {
        "type": "Transitive",
        "resolved": "4.4.43",
        "contentHash": "h0sS4zsnXrVkYyMYDaRc0k/oV54uXXBlN/HOHAK5d/RWleLTmWS6bxtt0l3D5Q2rgtfLinkHLdf4sOqdrxZ0NA==",
        "dependencies": {
          "System.Reactive": "4.3.2",
          "System.Threading.Channels": "4.7.0"
        }
      },
      "obs-websocket-dotnet": {
        "type": "Project",
        "dependencies": {
          "Newtonsoft.Json": "[13.0.3, )",
          "Websocket.Client": "[4.4.43, )"
        }
      }
    }
  }
}